// !$*UTF8*$!
{
	archiveVersion = 1;
	classes = {
	};
	objectVersion = 50;
	objects = {

/* Begin PBXBuildFile section */
		D5906C33208F1DF9005E88C2 /* AppDelegate.swift in Sources */ = {isa = PBXBuildFile; fileRef = D5906C32208F1DF9005E88C2 /* AppDelegate.swift */; };
		D5906C35208F1DF9005E88C2 /* ViewController.swift in Sources */ = {isa = PBXBuildFile; fileRef = D5906C34208F1DF9005E88C2 /* ViewController.swift */; };
		D5906C38208F1DF9005E88C2 /* Main.storyboard in Resources */ = {isa = PBXBuildFile; fileRef = D5906C36208F1DF9005E88C2 /* Main.storyboard */; };
		D5906C3A208F1DFC005E88C2 /* Assets.xcassets in Resources */ = {isa = PBXBuildFile; fileRef = D5906C39208F1DFC005E88C2 /* Assets.xcassets */; };
		D5906C3D208F1DFC005E88C2 /* LaunchScreen.storyboard in Resources */ = {isa = PBXBuildFile; fileRef = D5906C3B208F1DFC005E88C2 /* LaunchScreen.storyboard */; };
		D5906C46208F1EBA005E88C2 /* SnapView.swift in Sources */ = {isa = PBXBuildFile; fileRef = D5906C45208F1EBA005E88C2 /* SnapView.swift */; };
/* End PBXBuildFile section */

/* Begin PBXFileReference section */
		D5906C2F208F1DF9005E88C2 /* SnapView.app */ = {isa = PBXFileReference; explicitFileType = wrapper.application; includeInIndex = 0; path = SnapView.app; sourceTree = BUILT_PRODUCTS_DIR; };
		D5906C32208F1DF9005E88C2 /* AppDelegate.swift */ = {isa = PBXFileReference; lastKnownFileType = sourcecode.swift; path = AppDelegate.swift; sourceTree = "<group>"; };
		D5906C34208F1DF9005E88C2 /* ViewController.swift */ = {isa = PBXFileReference; lastKnownFileType = sourcecode.swift; path = ViewController.swift; sourceTree = "<group>"; };
		D5906C37208F1DF9005E88C2 /* Base */ = {isa = PBXFileReference; lastKnownFileType = file.storyboard; name = Base; path = Base.lproj/Main.storyboard; sourceTree = "<group>"; };
		D5906C39208F1DFC005E88C2 /* Assets.xcassets */ = {isa = PBXFileReference; lastKnownFileType = folder.assetcatalog; path = Assets.xcassets; sourceTree = "<group>"; };
		D5906C3C208F1DFC005E88C2 /* Base */ = {isa = PBXFileReference; lastKnownFileType = file.storyboard; name = Base; path = Base.lproj/LaunchScreen.storyboard; sourceTree = "<group>"; };
		D5906C3E208F1DFC005E88C2 /* Info.plist */ = {isa = PBXFileReference; lastKnownFileType = text.plist.xml; path = Info.plist; sourceTree = "<group>"; };
		D5906C45208F1EBA005E88C2 /* SnapView.swift */ = {isa = PBXFileReference; lastKnownFileType = sourcecode.swift; path = SnapView.swift; sourceTree = "<group>"; };
/* End PBXFileReference section */

/* Begin PBXFrameworksBuildPhase section */
		D5906C2C208F1DF9005E88C2 /* Frameworks */ = {
			isa = PBXFrameworksBuildPhase;
			buildActionMask = 2147483647;
			files = (
			);
			runOnlyForDeploymentPostprocessing = 0;
		};
/* End PBXFrameworksBuildPhase section */

/* Begin PBXGroup section */
		D5906C26208F1DF9005E88C2 = {
			isa = PBXGroup;
			children = (
				D5906C31208F1DF9005E88C2 /* SnapView */,
				D5906C30208F1DF9005E88C2 /* Products */,
			);
			sourceTree = "<group>";
		};
		D5906C30208F1DF9005E88C2 /* Products */ = {
			isa = PBXGroup;
			children = (
				D5906C2F208F1DF9005E88C2 /* SnapView.app */,
			);
			name = Products;
			sourceTree = "<group>";
		};
		D5906C31208F1DF9005E88C2 /* SnapView */ = {
			isa = PBXGroup;
			children = (
				D5906C44208F1EA4005E88C2 /* Classes */,
				D5906C32208F1DF9005E88C2 /* AppDelegate.swift */,
				D5906C34208F1DF9005E88C2 /* ViewController.swift */,
				D5906C36208F1DF9005E88C2 /* Main.storyboard */,
				D5906C39208F1DFC005E88C2 /* Assets.xcassets */,
				D5906C3B208F1DFC005E88C2 /* LaunchScreen.storyboard */,
				D5906C3E208F1DFC005E88C2 /* Info.plist */,
			);
			path = SnapView;
			sourceTree = "<group>";
		};
		D5906C44208F1EA4005E88C2 /* Classes */ = {
			isa = PBXGroup;
			children = (
				D5906C45208F1EBA005E88C2 /* SnapView.swift */,
			);
			path = Classes;
			sourceTree = "<group>";
		};
/* End PBXGroup section */

/* Begin PBXNativeTarget section */
		D5906C2E208F1DF9005E88C2 /* SnapView */ = {
			isa = PBXNativeTarget;
			buildConfigurationList = D5906C41208F1DFC005E88C2 /* Build configuration list for PBXNativeTarget "SnapView" */;
			buildPhases = (
				D5906C2B208F1DF9005E88C2 /* Sources */,
				D5906C2C208F1DF9005E88C2 /* Frameworks */,
				D5906C2D208F1DF9005E88C2 /* Resources */,
			);
			buildRules = (
			);
			dependencies = (
			);
			name = SnapView;
			productName = SnapView;
			productReference = D5906C2F208F1DF9005E88C2 /* SnapView.app */;
			productType = "com.apple.product-type.application";
		};
/* End PBXNativeTarget section */

/* Begin PBXProject section */
		D5906C27208F1DF9005E88C2 /* Project object */ = {
			isa = PBXProject;
			attributes = {
				LastSwiftUpdateCheck = 0930;
				LastUpgradeCheck = 0930;
				ORGANIZATIONNAME = cme;
				TargetAttributes = {
					D5906C2E208F1DF9005E88C2 = {
						CreatedOnToolsVersion = 9.3;
					};
				};
			};
			buildConfigurationList = D5906C2A208F1DF9005E88C2 /* Build configuration list for PBXProject "SnapView" */;
			compatibilityVersion = "Xcode 9.3";
			developmentRegion = en;
			hasScannedForEncodings = 0;
			knownRegions = (
				en,
				Base,
			);
			mainGroup = D5906C26208F1DF9005E88C2;
			productRefGroup = D5906C30208F1DF9005E88C2 /* Products */;
			projectDirPath = "";
			projectRoot = "";
			targets = (
				D5906C2E208F1DF9005E88C2 /* SnapView */,
			);
		};
/* End PBXProject section */

/* Begin PBXResourcesBuildPhase section */
		D5906C2D208F1DF9005E88C2 /* Resources */ = {
			isa = PBXResourcesBuildPhase;
			buildActionMask = 2147483647;
			files = (
				D5906C3D208F1DFC005E88C2 /* LaunchScreen.storyboard in Resources */,
				D5906C3A208F1DFC005E88C2 /* Assets.xcassets in Resources */,
				D5906C38208F1DF9005E88C2 /* Main.storyboard in Resources */,
			);
			runOnlyForDeploymentPostprocessing = 0;
		};
/* End PBXResourcesBuildPhase section */

/* Begin PBXSourcesBuildPhase section */
		D5906C2B208F1DF9005E88C2 /* Sources */ = {
			isa = PBXSourcesBuildPhase;
			buildActionMask = 2147483647;
			files = (
				D5906C35208F1DF9005E88C2 /* ViewController.swift in Sources */,
				D5906C33208F1DF9005E88C2 /* AppDelegate.swift in Sources */,
				D5906C46208F1EBA005E88C2 /* SnapView.swift in Sources */,
			);
			runOnlyForDeploymentPostprocessing = 0;
		};
/* End PBXSourcesBuildPhase section */

/* Begin PBXVariantGroup section */
		D5906C36208F1DF9005E88C2 /* Main.storyboard */ = {
			isa = PBXVariantGroup;
			children = (
				D5906C37208F1DF9005E88C2 /* Base */,
			);
			name = Main.storyboard;
			sourceTree = "<group>";
		};
		D5906C3B208F1DFC005E88C2 /* LaunchScreen.storyboard */ = {
			isa = PBXVariantGroup;
			children = (
				D5906C3C208F1DFC005E88C2 /* Base */,
			);
			name = LaunchScreen.storyboard;
			sourceTree = "<group>";
		};
/* End PBXVariantGroup section */

/* Begin XCBuildConfiguration section */
		D5906C3F208F1DFC005E88C2 /* Debug */ = {
			isa = XCBuildConfiguration;
			buildSettings = {
				ALWAYS_SEARCH_USER_PATHS = NO;
				CLANG_ANALYZER_NONNULL = YES;
				CLANG_ANALYZER_NUMBER_OBJECT_CONVERSION = YES_AGGRESSIVE;
				CLANG_CXX_LANGUAGE_STANDARD = "gnu++14";
				CLANG_CXX_LIBRARY = "libc++";
				CLANG_ENABLE_MODULES = YES;
				CLANG_ENABLE_OBJC_ARC = YES;
				CLANG_ENABLE_OBJC_WEAK = YES;
				CLANG_WARN_BLOCK_CAPTURE_AUTORELEASING = YES;
				CLANG_WARN_BOOL_CONVERSION = YES;
				CLANG_WARN_COMMA = YES;
				CLANG_WARN_CONSTANT_CONVERSION = YES;
				CLANG_WARN_DEPRECATED_OBJC_IMPLEMENTATIONS = YES;
				CLANG_WARN_DIRECT_OBJC_ISA_USAGE = YES_ERROR;
				CLANG_WARN_DOCUMENTATION_COMMENTS = YES;
				CLANG_WARN_EMPTY_BODY = YES;
				CLANG_WARN_ENUM_CONVERSION = YES;
				CLANG_WARN_INFINITE_RECURSION = YES;
				CLANG_WARN_INT_CONVERSION = YES;
				CLANG_WARN_NON_LITERAL_NULL_CONVERSION = YES;
				CLANG_WARN_OBJC_IMPLICIT_RETAIN_SELF = YES;
				CLANG_WARN_OBJC_LITERAL_CONVERSION = YES;
				CLANG_WARN_OBJC_ROOT_CLASS = YES_ERROR;
				CLANG_WARN_RANGE_LOOP_ANALYSIS = YES;
				CLANG_WARN_STRICT_PROTOTYPES = YES;
				CLANG_WARN_SUSPICIOUS_MOVE = YES;
				CLANG_WARN_UNGUARDED_AVAILABILITY = YES_AGGRESSIVE;
				CLANG_WARN_UNREACHABLE_CODE = YES;
				CLANG_WARN__DUPLICATE_METHOD_MATCH = YES;
				CODE_SIGN_IDENTITY = "iPhone Developer";
				COPY_PHASE_STRIP = NO;
				DEBUG_INFORMATION_FORMAT = dwarf;
				ENABLE_STRICT_OBJC_MSGSEND = YES;
				ENABLE_TESTABILITY = YES;
				GCC_C_LANGUAGE_STANDARD = gnu11;
				GCC_DYNAMIC_NO_PIC = NO;
				GCC_NO_COMMON_BLOCKS = YES;
				GCC_OPTIMIZATION_LEVEL = 0;
				GCC_PREPROCESSOR_DEFINITIONS = (
					"DEBUG=1",
					"$(inherited)",
				);
				GCC_WARN_64_TO_32_BIT_CONVERSION = YES;
				GCC_WARN_ABOUT_RETURN_TYPE = YES_ERROR;
				GCC_WARN_UNDECLARED_SELECTOR = YES;
				GCC_WARN_UNINITIALIZED_AUTOS = YES_AGGRESSIVE;
				GCC_WARN_UNUSED_FUNCTION = YES;
				GCC_WARN_UNUSED_VARIABLE = YES;
				IPHONEOS_DEPLOYMENT_TARGET = 11.3;
				MTL_ENABLE_DEBUG_INFO = YES;
				ONLY_ACTIVE_ARCH = YES;
				SDKROOT = iphoneos;
				SWIFT_ACTIVE_COMPILATION_CONDITIONS = DEBUG;
				SWIFT_OPTIMIZATION_LEVEL = "-Onone";
			};
			name = Debug;
		};
		D5906C40208F1DFC005E88C2 /* Release */ = {
			isa = XCBuildConfiguration;
			buildSettings = {
				ALWAYS_SEARCH_USER_PATHS = NO;
				CLANG_ANALYZER_NONNULL = YES;
				CLANG_ANALYZER_NUMBER_OBJECT_CONVERSION = YES_AGGRESSIVE;
				CLANG_CXX_LANGUAGE_STANDARD = "gnu++14";
				CLANG_CXX_LIBRARY = "libc++";
				CLANG_ENABLE_MODULES = YES;
				CLANG_ENABLE_OBJC_ARC = YES;
				CLANG_ENABLE_OBJC_WEAK = YES;
				CLANG_WARN_BLOCK_CAPTURE_AUTORELEASING = YES;
				CLANG_WARN_BOOL_CONVERSION = YES;
				CLANG_WARN_COMMA = YES;
				CLANG_WARN_CONSTANT_CONVERSION = YES;
				CLANG_WARN_DEPRECATED_OBJC_IMPLEMENTATIONS = YES;
				CLANG_WARN_DIRECT_OBJC_ISA_USAGE = YES_ERROR;
				CLANG_WARN_DOCUMENTATION_COMMENTS = YES;
				CLANG_WARN_EMPTY_BODY = YES;
				CLANG_WARN_ENUM_CONVERSION = YES;
				CLANG_WARN_INFINITE_RECURSION = YES;
				CLANG_WARN_INT_CONVERSION = YES;
				CLANG_WARN_NON_LITERAL_NULL_CONVERSION = YES;
				CLANG_WARN_OBJC_IMPLICIT_RETAIN_SELF = YES;
				CLANG_WARN_OBJC_LITERAL_CONVERSION = YES;
				CLANG_WARN_OBJC_ROOT_CLASS = YES_ERROR;
				CLANG_WARN_RANGE_LOOP_ANALYSIS = YES;
				CLANG_WARN_STRICT_PROTOTYPES = YES;
				CLANG_WARN_SUSPICIOUS_MOVE = YES;
				CLANG_WARN_UNGUARDED_AVAILABILITY = YES_AGGRESSIVE;
				CLANG_WARN_UNREACHABLE_CODE = YES;
				CLANG_WARN__DUPLICATE_METHOD_MATCH = YES;
				CODE_SIGN_IDENTITY = "iPhone Developer";
				COPY_PHASE_STRIP = NO;
				DEBUG_INFORMATION_FORMAT = "dwarf-with-dsym";
				ENABLE_NS_ASSERTIONS = NO;
				ENABLE_STRICT_OBJC_MSGSEND = YES;
				GCC_C_LANGUAGE_STANDARD = gnu11;
				GCC_NO_COMMON_BLOCKS = YES;
				GCC_WARN_64_TO_32_BIT_CONVERSION = YES;
				GCC_WARN_ABOUT_RETURN_TYPE = YES_ERROR;
				GCC_WARN_UNDECLARED_SELECTOR = YES;
				GCC_WARN_UNINITIALIZED_AUTOS = YES_AGGRESSIVE;
				GCC_WARN_UNUSED_FUNCTION = YES;
				GCC_WARN_UNUSED_VARIABLE = YES;
				IPHONEOS_DEPLOYMENT_TARGET = 11.3;
				MTL_ENABLE_DEBUG_INFO = NO;
				SDKROOT = iphoneos;
				SWIFT_COMPILATION_MODE = wholemodule;
				SWIFT_OPTIMIZATION_LEVEL = "-O";
				VALIDATE_PRODUCT = YES;
			};
			name = Release;
		};
		D5906C42208F1DFC005E88C2 /* Debug */ = {
			isa = XCBuildConfiguration;
			buildSettings = {
				ASSETCATALOG_COMPILER_APPICON_NAME = AppIcon;
				CODE_SIGN_STYLE = Automatic;
				DEVELOPMENT_TEAM = 6C2FMJT4E8;
				INFOPLIST_FILE = SnapView/Info.plist;
				LD_RUNPATH_SEARCH_PATHS = (
					"$(inherited)",
					"@executable_path/Frameworks",
				);
				PRODUCT_BUNDLE_IDENTIFIER = com.marx.SnapView;
				PRODUCT_NAME = "$(TARGET_NAME)";
				SWIFT_VERSION = 4.0;
				TARGETED_DEVICE_FAMILY = "1,2";
			};
			name = Debug;
		};
		D5906C43208F1DFC005E88C2 /* Release */ = {
			isa = XCBuildConfiguration;
			buildSettings = {
				ASSETCATALOG_COMPILER_APPICON_NAME = AppIcon;
				CODE_SIGN_STYLE = Automatic;
				DEVELOPMENT_TEAM = 6C2FMJT4E8;
				INFOPLIST_FILE = SnapView/Info.plist;
				LD_RUNPATH_SEARCH_PATHS = (
					"$(inherited)",
					"@executable_path/Frameworks",
				);
				PRODUCT_BUNDLE_IDENTIFIER = com.marx.SnapView;
				PRODUCT_NAME = "$(TARGET_NAME)";
				SWIFT_VERSION = 4.0;
				TARGETED_DEVICE_FAMILY = "1,2";
			};
			name = Release;
		};
/* End XCBuildConfiguration section */

/* Begin XCConfigurationList section */
		D5906C2A208F1DF9005E88C2 /* Build configuration list for PBXProject "SnapView" */ = {
			isa = XCConfigurationList;
			buildConfigurations = (
				D5906C3F208F1DFC005E88C2 /* Debug */,
				D5906C40208F1DFC005E88C2 /* Release */,
			);
			defaultConfigurationIsVisible = 0;
			defaultConfigurationName = Release;
		};
		D5906C41208F1DFC005E88C2 /* Build configuration list for PBXNativeTarget "SnapView" */ = {
			isa = XCConfigurationList;
			buildConfigurations = (
				D5906C42208F1DFC005E88C2 /* Debug */,
				D5906C43208F1DFC005E88C2 /* Release */,
			);
			defaultConfigurationIsVisible = 0;
			defaultConfigurationName = Release;
		};
/* End XCConfigurationList section */
	};
	rootObject = D5906C27208F1DF9005E88C2 /* Project object */;
}
