// !$*UTF8*$!
{
	archiveVersion = 1;
	classes = {
	};
	objectVersion = 46;
	objects = {

/* Begin PBXBuildFile section */
		D59815481BFFA02B00F111D4 /* WaterfallCollectionViewLayout.swift in Sources */ = {isa = PBXBuildFile; fileRef = D59815471BFFA02B00F111D4 /* WaterfallCollectionViewLayout.swift */; };
		D5AA59E21BFE2A6C00F22D60 /* AppDelegate.swift in Sources */ = {isa = PBXBuildFile; fileRef = D5AA59E11BFE2A6C00F22D60 /* AppDelegate.swift */; };
		D5AA59E71BFE2A6C00F22D60 /* Main.storyboard in Resources */ = {isa = PBXBuildFile; fileRef = D5AA59E51BFE2A6C00F22D60 /* Main.storyboard */; };
		D5AA59E91BFE2A6C00F22D60 /* Assets.xcassets in Resources */ = {isa = PBXBuildFile; fileRef = D5AA59E81BFE2A6C00F22D60 /* Assets.xcassets */; };
		D5AA59EC1BFE2A6C00F22D60 /* LaunchScreen.storyboard in Resources */ = {isa = PBXBuildFile; fileRef = D5AA59EA1BFE2A6C00F22D60 /* LaunchScreen.storyboard */; };
		D5AA59F61BFE320A00F22D60 /* ViewController.swift in Sources */ = {isa = PBXBuildFile; fileRef = D5AA59F51BFE320A00F22D60 /* ViewController.swift */; };
		D5AA59F81BFE479700F22D60 /* Header.xib in Resources */ = {isa = PBXBuildFile; fileRef = D5AA59F71BFE479700F22D60 /* Header.xib */; };
/* End PBXBuildFile section */

/* Begin PBXFileReference section */
		D59815471BFFA02B00F111D4 /* WaterfallCollectionViewLayout.swift */ = {isa = PBXFileReference; fileEncoding = 4; lastKnownFileType = sourcecode.swift; path = WaterfallCollectionViewLayout.swift; sourceTree = "<group>"; };
		D5AA59DE1BFE2A6C00F22D60 /* WaterfallCollectionViewLayout.app */ = {isa = PBXFileReference; explicitFileType = wrapper.application; includeInIndex = 0; path = WaterfallCollectionViewLayout.app; sourceTree = BUILT_PRODUCTS_DIR; };
		D5AA59E11BFE2A6C00F22D60 /* AppDelegate.swift */ = {isa = PBXFileReference; lastKnownFileType = sourcecode.swift; path = AppDelegate.swift; sourceTree = "<group>"; };
		D5AA59E61BFE2A6C00F22D60 /* Base */ = {isa = PBXFileReference; lastKnownFileType = file.storyboard; name = Base; path = Base.lproj/Main.storyboard; sourceTree = "<group>"; };
		D5AA59E81BFE2A6C00F22D60 /* Assets.xcassets */ = {isa = PBXFileReference; lastKnownFileType = folder.assetcatalog; path = Assets.xcassets; sourceTree = "<group>"; };
		D5AA59EB1BFE2A6C00F22D60 /* Base */ = {isa = PBXFileReference; lastKnownFileType = file.storyboard; name = Base; path = Base.lproj/LaunchScreen.storyboard; sourceTree = "<group>"; };
		D5AA59ED1BFE2A6C00F22D60 /* Info.plist */ = {isa = PBXFileReference; lastKnownFileType = text.plist.xml; path = Info.plist; sourceTree = "<group>"; };
		D5AA59F51BFE320A00F22D60 /* ViewController.swift */ = {isa = PBXFileReference; fileEncoding = 4; lastKnownFileType = sourcecode.swift; path = ViewController.swift; sourceTree = "<group>"; };
		D5AA59F71BFE479700F22D60 /* Header.xib */ = {isa = PBXFileReference; fileEncoding = 4; lastKnownFileType = file.xib; path = Header.xib; sourceTree = "<group>"; };
/* End PBXFileReference section */

/* Begin PBXFrameworksBuildPhase section */
		D5AA59DB1BFE2A6C00F22D60 /* Frameworks */ = {
			isa = PBXFrameworksBuildPhase;
			buildActionMask = 2147483647;
			files = (
			);
			runOnlyForDeploymentPostprocessing = 0;
		};
/* End PBXFrameworksBuildPhase section */

/* Begin PBXGroup section */
		D59815461BFFA02B00F111D4 /* Classes */ = {
			isa = PBXGroup;
			children = (
				D59815471BFFA02B00F111D4 /* WaterfallCollectionViewLayout.swift */,
			);
			path = Classes;
			sourceTree = "<group>";
		};
		D5AA59D51BFE2A6C00F22D60 = {
			isa = PBXGroup;
			children = (
				D59815461BFFA02B00F111D4 /* Classes */,
				D5AA59E01BFE2A6C00F22D60 /* WaterfallCollectionViewLayout */,
				D5AA59DF1BFE2A6C00F22D60 /* Products */,
			);
			sourceTree = "<group>";
		};
		D5AA59DF1BFE2A6C00F22D60 /* Products */ = {
			isa = PBXGroup;
			children = (
				D5AA59DE1BFE2A6C00F22D60 /* WaterfallCollectionViewLayout.app */,
			);
			name = Products;
			sourceTree = "<group>";
		};
		D5AA59E01BFE2A6C00F22D60 /* WaterfallCollectionViewLayout */ = {
			isa = PBXGroup;
			children = (
				D5AA59E11BFE2A6C00F22D60 /* AppDelegate.swift */,
				D5AA59E51BFE2A6C00F22D60 /* Main.storyboard */,
				D5AA59E81BFE2A6C00F22D60 /* Assets.xcassets */,
				D5AA59EA1BFE2A6C00F22D60 /* LaunchScreen.storyboard */,
				D5AA59ED1BFE2A6C00F22D60 /* Info.plist */,
				D5AA59F51BFE320A00F22D60 /* ViewController.swift */,
				D5AA59F71BFE479700F22D60 /* Header.xib */,
			);
			path = WaterfallCollectionViewLayout;
			sourceTree = "<group>";
		};
/* End PBXGroup section */

/* Begin PBXNativeTarget section */
		D5AA59DD1BFE2A6C00F22D60 /* WaterfallCollectionViewLayout */ = {
			isa = PBXNativeTarget;
			buildConfigurationList = D5AA59F01BFE2A6C00F22D60 /* Build configuration list for PBXNativeTarget "WaterfallCollectionViewLayout" */;
			buildPhases = (
				D5AA59DA1BFE2A6C00F22D60 /* Sources */,
				D5AA59DB1BFE2A6C00F22D60 /* Frameworks */,
				D5AA59DC1BFE2A6C00F22D60 /* Resources */,
			);
			buildRules = (
			);
			dependencies = (
			);
			name = WaterfallCollectionViewLayout;
			productName = WaterfallCollectionViewLayout;
			productReference = D5AA59DE1BFE2A6C00F22D60 /* WaterfallCollectionViewLayout.app */;
			productType = "com.apple.product-type.application";
		};
/* End PBXNativeTarget section */

/* Begin PBXProject section */
		D5AA59D61BFE2A6C00F22D60 /* Project object */ = {
			isa = PBXProject;
			attributes = {
				LastSwiftUpdateCheck = 0710;
				LastUpgradeCheck = 0710;
				ORGANIZATIONNAME = "marc matta";
				TargetAttributes = {
					D5AA59DD1BFE2A6C00F22D60 = {
						CreatedOnToolsVersion = 7.1.1;
					};
				};
			};
			buildConfigurationList = D5AA59D91BFE2A6C00F22D60 /* Build configuration list for PBXProject "WaterfallCollectionViewLayout" */;
			compatibilityVersion = "Xcode 3.2";
			developmentRegion = English;
			hasScannedForEncodings = 0;
			knownRegions = (
				en,
				Base,
			);
			mainGroup = D5AA59D51BFE2A6C00F22D60;
			productRefGroup = D5AA59DF1BFE2A6C00F22D60 /* Products */;
			projectDirPath = "";
			projectRoot = "";
			targets = (
				D5AA59DD1BFE2A6C00F22D60 /* WaterfallCollectionViewLayout */,
			);
		};
/* End PBXProject section */

/* Begin PBXResourcesBuildPhase section */
		D5AA59DC1BFE2A6C00F22D60 /* Resources */ = {
			isa = PBXResourcesBuildPhase;
			buildActionMask = 2147483647;
			files = (
				D5AA59F81BFE479700F22D60 /* Header.xib in Resources */,
				D5AA59EC1BFE2A6C00F22D60 /* LaunchScreen.storyboard in Resources */,
				D5AA59E91BFE2A6C00F22D60 /* Assets.xcassets in Resources */,
				D5AA59E71BFE2A6C00F22D60 /* Main.storyboard in Resources */,
			);
			runOnlyForDeploymentPostprocessing = 0;
		};
/* End PBXResourcesBuildPhase section */

/* Begin PBXSourcesBuildPhase section */
		D5AA59DA1BFE2A6C00F22D60 /* Sources */ = {
			isa = PBXSourcesBuildPhase;
			buildActionMask = 2147483647;
			files = (
				D5AA59F61BFE320A00F22D60 /* ViewController.swift in Sources */,
				D5AA59E21BFE2A6C00F22D60 /* AppDelegate.swift in Sources */,
				D59815481BFFA02B00F111D4 /* WaterfallCollectionViewLayout.swift in Sources */,
			);
			runOnlyForDeploymentPostprocessing = 0;
		};
/* End PBXSourcesBuildPhase section */

/* Begin PBXVariantGroup section */
		D5AA59E51BFE2A6C00F22D60 /* Main.storyboard */ = {
			isa = PBXVariantGroup;
			children = (
				D5AA59E61BFE2A6C00F22D60 /* Base */,
			);
			name = Main.storyboard;
			sourceTree = "<group>";
		};
		D5AA59EA1BFE2A6C00F22D60 /* LaunchScreen.storyboard */ = {
			isa = PBXVariantGroup;
			children = (
				D5AA59EB1BFE2A6C00F22D60 /* Base */,
			);
			name = LaunchScreen.storyboard;
			sourceTree = "<group>";
		};
/* End PBXVariantGroup section */

/* Begin XCBuildConfiguration section */
		D5AA59EE1BFE2A6C00F22D60 /* Debug */ = {
			isa = XCBuildConfiguration;
			buildSettings = {
				ALWAYS_SEARCH_USER_PATHS = NO;
				CLANG_CXX_LANGUAGE_STANDARD = "gnu++0x";
				CLANG_CXX_LIBRARY = "libc++";
				CLANG_ENABLE_MODULES = YES;
				CLANG_ENABLE_OBJC_ARC = YES;
				CLANG_WARN_BOOL_CONVERSION = YES;
				CLANG_WARN_CONSTANT_CONVERSION = YES;
				CLANG_WARN_DIRECT_OBJC_ISA_USAGE = YES_ERROR;
				CLANG_WARN_EMPTY_BODY = YES;
				CLANG_WARN_ENUM_CONVERSION = YES;
				CLANG_WARN_INT_CONVERSION = YES;
				CLANG_WARN_OBJC_ROOT_CLASS = YES_ERROR;
				CLANG_WARN_UNREACHABLE_CODE = YES;
				CLANG_WARN__DUPLICATE_METHOD_MATCH = YES;
				"CODE_SIGN_IDENTITY[sdk=iphoneos*]" = "iPhone Developer";
				COPY_PHASE_STRIP = NO;
				DEBUG_INFORMATION_FORMAT = dwarf;
				ENABLE_STRICT_OBJC_MSGSEND = YES;
				ENABLE_TESTABILITY = YES;
				GCC_C_LANGUAGE_STANDARD = gnu99;
				GCC_DYNAMIC_NO_PIC = NO;
				GCC_NO_COMMON_BLOCKS = YES;
				GCC_OPTIMIZATION_LEVEL = 0;
				GCC_PREPROCESSOR_DEFINITIONS = (
					"DEBUG=1",
					"$(inherited)",
				);
				GCC_WARN_64_TO_32_BIT_CONVERSION = YES;
				GCC_WARN_ABOUT_RETURN_TYPE = YES_ERROR;
				GCC_WARN_UNDECLARED_SELECTOR = YES;
				GCC_WARN_UNINITIALIZED_AUTOS = YES_AGGRESSIVE;
				GCC_WARN_UNUSED_FUNCTION = YES;
				GCC_WARN_UNUSED_VARIABLE = YES;
				IPHONEOS_DEPLOYMENT_TARGET = 9.1;
				MTL_ENABLE_DEBUG_INFO = YES;
				ONLY_ACTIVE_ARCH = YES;
				SDKROOT = iphoneos;
				SWIFT_OPTIMIZATION_LEVEL = "-Onone";
				TARGETED_DEVICE_FAMILY = "1,2";
			};
			name = Debug;
		};
		D5AA59EF1BFE2A6C00F22D60 /* Release */ = {
			isa = XCBuildConfiguration;
			buildSettings = {
				ALWAYS_SEARCH_USER_PATHS = NO;
				CLANG_CXX_LANGUAGE_STANDARD = "gnu++0x";
				CLANG_CXX_LIBRARY = "libc++";
				CLANG_ENABLE_MODULES = YES;
				CLANG_ENABLE_OBJC_ARC = YES;
				CLANG_WARN_BOOL_CONVERSION = YES;
				CLANG_WARN_CONSTANT_CONVERSION = YES;
				CLANG_WARN_DIRECT_OBJC_ISA_USAGE = YES_ERROR;
				CLANG_WARN_EMPTY_BODY = YES;
				CLANG_WARN_ENUM_CONVERSION = YES;
				CLANG_WARN_INT_CONVERSION = YES;
				CLANG_WARN_OBJC_ROOT_CLASS = YES_ERROR;
				CLANG_WARN_UNREACHABLE_CODE = YES;
				CLANG_WARN__DUPLICATE_METHOD_MATCH = YES;
				"CODE_SIGN_IDENTITY[sdk=iphoneos*]" = "iPhone Developer";
				COPY_PHASE_STRIP = NO;
				DEBUG_INFORMATION_FORMAT = "dwarf-with-dsym";
				ENABLE_NS_ASSERTIONS = NO;
				ENABLE_STRICT_OBJC_MSGSEND = YES;
				GCC_C_LANGUAGE_STANDARD = gnu99;
				GCC_NO_COMMON_BLOCKS = YES;
				GCC_WARN_64_TO_32_BIT_CONVERSION = YES;
				GCC_WARN_ABOUT_RETURN_TYPE = YES_ERROR;
				GCC_WARN_UNDECLARED_SELECTOR = YES;
				GCC_WARN_UNINITIALIZED_AUTOS = YES_AGGRESSIVE;
				GCC_WARN_UNUSED_FUNCTION = YES;
				GCC_WARN_UNUSED_VARIABLE = YES;
				IPHONEOS_DEPLOYMENT_TARGET = 9.1;
				MTL_ENABLE_DEBUG_INFO = NO;
				SDKROOT = iphoneos;
				TARGETED_DEVICE_FAMILY = "1,2";
				VALIDATE_PRODUCT = YES;
			};
			name = Release;
		};
		D5AA59F11BFE2A6C00F22D60 /* Debug */ = {
			isa = XCBuildConfiguration;
			buildSettings = {
				ASSETCATALOG_COMPILER_APPICON_NAME = AppIcon;
				INFOPLIST_FILE = WaterfallCollectionViewLayout/Info.plist;
				IPHONEOS_DEPLOYMENT_TARGET = 7.1;
				LD_RUNPATH_SEARCH_PATHS = "$(inherited) @executable_path/Frameworks";
				PRODUCT_BUNDLE_IDENTIFIER = com.marx.WaterfallCollectionViewLayout;
				PRODUCT_NAME = "$(TARGET_NAME)";
			};
			name = Debug;
		};
		D5AA59F21BFE2A6C00F22D60 /* Release */ = {
			isa = XCBuildConfiguration;
			buildSettings = {
				ASSETCATALOG_COMPILER_APPICON_NAME = AppIcon;
				INFOPLIST_FILE = WaterfallCollectionViewLayout/Info.plist;
				IPHONEOS_DEPLOYMENT_TARGET = 7.1;
				LD_RUNPATH_SEARCH_PATHS = "$(inherited) @executable_path/Frameworks";
				PRODUCT_BUNDLE_IDENTIFIER = com.marx.WaterfallCollectionViewLayout;
				PRODUCT_NAME = "$(TARGET_NAME)";
			};
			name = Release;
		};
/* End XCBuildConfiguration section */

/* Begin XCConfigurationList section */
		D5AA59D91BFE2A6C00F22D60 /* Build configuration list for PBXProject "WaterfallCollectionViewLayout" */ = {
			isa = XCConfigurationList;
			buildConfigurations = (
				D5AA59EE1BFE2A6C00F22D60 /* Debug */,
				D5AA59EF1BFE2A6C00F22D60 /* Release */,
			);
			defaultConfigurationIsVisible = 0;
			defaultConfigurationName = Release;
		};
		D5AA59F01BFE2A6C00F22D60 /* Build configuration list for PBXNativeTarget "WaterfallCollectionViewLayout" */ = {
			isa = XCConfigurationList;
			buildConfigurations = (
				D5AA59F11BFE2A6C00F22D60 /* Debug */,
				D5AA59F21BFE2A6C00F22D60 /* Release */,
			);
			defaultConfigurationIsVisible = 0;
			defaultConfigurationName = Release;
		};
/* End XCConfigurationList section */
	};
	rootObject = D5AA59D61BFE2A6C00F22D60 /* Project object */;
}
